
Microsoft Visual Studio Solution File, Format Version 12.00
# Visual Studio 15
VisualStudioVersion = 15.0.26730.16
MinimumVisualStudioVersion = 10.0.40219.1
Project("{9A19103F-16F7-4668-BE54-9A1E7A4F7556}") = "MilesL.BotherMeNot.Api", "MilesL.BotherMeNot.Api\MilesL.BotherMeNot.Api.csproj", "{7BE71FAC-897F-4D08-BBEB-21019AF96281}"
EndProject
Project("{2150E333-8FDC-42A3-9474-1A3956D46DE8}") = "Tests", "Tests", "{F25E3401-B534-4352-A922-32D0FE0E2A06}"
EndProject
Project("{FAE04EC0-301F-11D3-BF4B-00C04F79EFBC}") = "MilesL.BotherMeNot.Api.Tests", "tests\MilesL.BotherMeNot.Api.Tests\MilesL.BotherMeNot.Api.Tests.csproj", "{44663719-C3D2-4875-A5A9-FFC1039CCCD3}"
EndProject
Global
	GlobalSection(SolutionConfigurationPlatforms) = preSolution
		Debug|Any CPU = Debug|Any CPU
		Release|Any CPU = Release|Any CPU
	EndGlobalSection
	GlobalSection(ProjectConfigurationPlatforms) = postSolution
		{7BE71FAC-897F-4D08-BBEB-21019AF96281}.Debug|Any CPU.ActiveCfg = Debug|Any CPU
		{7BE71FAC-897F-4D08-BBEB-21019AF96281}.Debug|Any CPU.Build.0 = Debug|Any CPU
		{7BE71FAC-897F-4D08-BBEB-21019AF96281}.Release|Any CPU.ActiveCfg = Release|Any CPU
		{7BE71FAC-897F-4D08-BBEB-21019AF96281}.Release|Any CPU.Build.0 = Release|Any CPU
		{44663719-C3D2-4875-A5A9-FFC1039CCCD3}.Debug|Any CPU.ActiveCfg = Debug|Any CPU
		{44663719-C3D2-4875-A5A9-FFC1039CCCD3}.Debug|Any CPU.Build.0 = Debug|Any CPU
		{44663719-C3D2-4875-A5A9-FFC1039CCCD3}.Release|Any CPU.ActiveCfg = Release|Any CPU
		{44663719-C3D2-4875-A5A9-FFC1039CCCD3}.Release|Any CPU.Build.0 = Release|Any CPU
	EndGlobalSection
	GlobalSection(SolutionProperties) = preSolution
		HideSolutionNode = FALSE
	EndGlobalSection
	GlobalSection(NestedProjects) = preSolution
		{44663719-C3D2-4875-A5A9-FFC1039CCCD3} = {F25E3401-B534-4352-A922-32D0FE0E2A06}
	EndGlobalSection
	GlobalSection(ExtensibilityGlobals) = postSolution
		SolutionGuid = {113C4EA7-CCFE-4FE3-B937-535A4FD2327E}
	EndGlobalSection
EndGlobal
